
Microsoft Visual Studio Solution File, Format Version 11.00
# Visual C++ Express 2010
Project("{8BC9CEB8-8B4A-11D0-8D11-00A0C91BC942}") = "aiengine.vc", "..\aiengine.vc\aiengine.vc.vcxproj", "{D4065AFD-968A-42BA-8A75-C92593B2329A}"
EndProject
Project("{8BC9CEB8-8B4A-11D0-8D11-00A0C91BC942}") = "generic.vc", "..\generic.vc\generic.vc.vcxproj", "{D37696A7-9CD9-4123-B200-3D79B5D812A1}"
EndProject
Project("{8BC9CEB8-8B4A-11D0-8D11-00A0C91BC942}") = "aiconsole.vc", "..\aiconsole.vc\aiconsole.vc.vcxproj", "{369DD008-019C-43B8-B15D-C1E13E78F232}"
EndProject
Project("{8BC9CEB8-8B4A-11D0-8D11-00A0C91BC942}") = "aiapi.vc", "..\aiapi.vc\aiapi.vc.vcxproj", "{67A3CBEE-2266-4F91-9C10-CF6855207BB2}"
EndProject
Global
	GlobalSection(SolutionConfigurationPlatforms) = preSolution
		Debug|Win32 = Debug|Win32
		Release|Win32 = Release|Win32
	EndGlobalSection
	GlobalSection(ProjectConfigurationPlatforms) = postSolution
		{D4065AFD-968A-42BA-8A75-C92593B2329A}.Debug|Win32.ActiveCfg = Debug|Win32
		{D4065AFD-968A-42BA-8A75-C92593B2329A}.Debug|Win32.Build.0 = Debug|Win32
		{D4065AFD-968A-42BA-8A75-C92593B2329A}.Release|Win32.ActiveCfg = Release|Win32
		{D4065AFD-968A-42BA-8A75-C92593B2329A}.Release|Win32.Build.0 = Release|Win32
		{D37696A7-9CD9-4123-B200-3D79B5D812A1}.Debug|Win32.ActiveCfg = Debug|Win32
		{D37696A7-9CD9-4123-B200-3D79B5D812A1}.Debug|Win32.Build.0 = Debug|Win32
		{D37696A7-9CD9-4123-B200-3D79B5D812A1}.Release|Win32.ActiveCfg = Release|Win32
		{D37696A7-9CD9-4123-B200-3D79B5D812A1}.Release|Win32.Build.0 = Release|Win32
		{369DD008-019C-43B8-B15D-C1E13E78F232}.Debug|Win32.ActiveCfg = Debug|Win32
		{369DD008-019C-43B8-B15D-C1E13E78F232}.Debug|Win32.Build.0 = Debug|Win32
		{369DD008-019C-43B8-B15D-C1E13E78F232}.Release|Win32.ActiveCfg = Release|Win32
		{369DD008-019C-43B8-B15D-C1E13E78F232}.Release|Win32.Build.0 = Release|Win32
		{67A3CBEE-2266-4F91-9C10-CF6855207BB2}.Debug|Win32.ActiveCfg = Debug|Win32
		{67A3CBEE-2266-4F91-9C10-CF6855207BB2}.Debug|Win32.Build.0 = Debug|Win32
		{67A3CBEE-2266-4F91-9C10-CF6855207BB2}.Release|Win32.ActiveCfg = Release|Win32
		{67A3CBEE-2266-4F91-9C10-CF6855207BB2}.Release|Win32.Build.0 = Release|Win32
	EndGlobalSection
	GlobalSection(SolutionProperties) = preSolution
		HideSolutionNode = FALSE
	EndGlobalSection
EndGlobal
