<?xml version="1.0" encoding="utf-8"?>
<Project ToolsVersion="4.0" xmlns="http://schemas.microsoft.com/developer/msbuild/2003">
  <ItemGroup>
    <Filter Include="include">
      <UniqueIdentifier>{80df39e1-975e-4992-9744-a8361a14c772}</UniqueIdentifier>
    </Filter>
    <Filter Include="modalgorithms">
      <UniqueIdentifier>{970e4bca-9c29-4e48-8c98-bb9c063a2493}</UniqueIdentifier>
    </Filter>
    <Filter Include="modbasetypes">
      <UniqueIdentifier>{12544ca9-bc06-4aa5-b12e-d51d8defdf71}</UniqueIdentifier>
    </Filter>
    <Filter Include="modcollections">
      <UniqueIdentifier>{8931e09b-6fe8-4c42-b071-93ba36c354c0}</UniqueIdentifier>
    </Filter>
    <Filter Include="modos">
      <UniqueIdentifier>{3dac4f33-0879-4160-b4ed-abb656291a36}</UniqueIdentifier>
    </Filter>
    <Filter Include="modstacktrace">
      <UniqueIdentifier>{2837884e-0427-4ad3-9baf-b8e0d3f21261}</UniqueIdentifier>
    </Filter>
    <Filter Include="modstring">
      <UniqueIdentifier>{3d1fcd5f-5639-43be-b021-2c6e45aa60d3}</UniqueIdentifier>
    </Filter>
  </ItemGroup>
  <ItemGroup>
    <ClInclude Include="..\..\generic\src\include\__gen.h">
      <Filter>include</Filter>
    </ClInclude>
    <ClInclude Include="..\..\generic\src\include\_gencach.h">
      <Filter>include</Filter>
    </ClInclude>
    <ClInclude Include="..\..\generic\src\include\_gencube.h">
      <Filter>include</Filter>
    </ClInclude>
    <ClInclude Include="..\..\generic\src\include\_gendata.h">
      <Filter>include</Filter>
    </ClInclude>
    <ClInclude Include="..\..\generic\src\include\_genhuge.h">
      <Filter>include</Filter>
    </ClInclude>
    <ClInclude Include="..\..\generic\src\include\_genmap.h">
      <Filter>include</Filter>
    </ClInclude>
    <ClInclude Include="..\..\generic\src\include\_genmisc.h">
      <Filter>include</Filter>
    </ClInclude>
    <ClInclude Include="..\..\generic\src\include\_genmsh.h">
      <Filter>include</Filter>
    </ClInclude>
    <ClInclude Include="..\..\generic\src\include\_genos.h">
      <Filter>include</Filter>
    </ClInclude>
    <ClInclude Include="..\..\generic\src\include\_genplat.h">
      <Filter>include</Filter>
    </ClInclude>
    <ClInclude Include="..\..\generic\src\include\_genset.h">
      <Filter>include</Filter>
    </ClInclude>
    <ClInclude Include="..\..\generic\src\include\_genstr.h">
      <Filter>include</Filter>
    </ClInclude>
    <ClInclude Include="..\..\generic\src\modstacktrace\MapFile.h">
      <Filter>modstacktrace</Filter>
    </ClInclude>
    <ClInclude Include="..\..\generic\src\modstacktrace\printStackTrace.h">
      <Filter>modstacktrace</Filter>
    </ClInclude>
    <ClInclude Include="..\..\generic\src\modstacktrace\StackTrace.h">
      <Filter>modstacktrace</Filter>
    </ClInclude>
    <ClInclude Include="..\..\generic\src\modstacktrace\TextFile.h">
      <Filter>modstacktrace</Filter>
    </ClInclude>
  </ItemGroup>
  <ItemGroup>
    <ClCompile Include="..\..\generic\src\modalgorithms\_gen_blb.c">
      <Filter>modalgorithms</Filter>
    </ClCompile>
    <ClCompile Include="..\..\generic\src\modalgorithms\_gen_msh.c">
      <Filter>modalgorithms</Filter>
    </ClCompile>
    <ClCompile Include="..\..\generic\src\modalgorithms\_gen_qs.c">
      <Filter>modalgorithms</Filter>
    </ClCompile>
    <ClCompile Include="..\..\generic\src\modbasetypes\_gen_cnv.c">
      <Filter>modbasetypes</Filter>
    </ClCompile>
    <ClCompile Include="..\..\generic\src\modbasetypes\_gen_rd.c">
      <Filter>modbasetypes</Filter>
    </ClCompile>
    <ClCompile Include="..\..\generic\src\modbasetypes\_gen_rmn.c">
      <Filter>modbasetypes</Filter>
    </ClCompile>
    <ClCompile Include="..\..\generic\src\modcollections\_gen_cb.c">
      <Filter>modcollections</Filter>
    </ClCompile>
    <ClCompile Include="..\..\generic\src\modcollections\_gen_cch.c">
      <Filter>modcollections</Filter>
    </ClCompile>
    <ClCompile Include="..\..\generic\src\modcollections\_gen_hm.c">
      <Filter>modcollections</Filter>
    </ClCompile>
    <ClCompile Include="..\..\generic\src\modcollections\_gen_lst.c">
      <Filter>modcollections</Filter>
    </ClCompile>
    <ClCompile Include="..\..\generic\src\modcollections\_gen_map.c">
      <Filter>modcollections</Filter>
    </ClCompile>
    <ClCompile Include="..\..\generic\src\modcollections\_gen_ptr.c">
      <Filter>modcollections</Filter>
    </ClCompile>
    <ClCompile Include="..\..\generic\src\modcollections\_gen_ra.c">
      <Filter>modcollections</Filter>
    </ClCompile>
    <ClCompile Include="..\..\generic\src\modcollections\_gen_rai.c">
      <Filter>modcollections</Filter>
    </ClCompile>
    <ClCompile Include="..\..\generic\src\modcollections\_gen_set.c">
      <Filter>modcollections</Filter>
    </ClCompile>
    <ClCompile Include="..\..\generic\src\modos\_gen_lock.c">
      <Filter>modos</Filter>
    </ClCompile>
    <ClCompile Include="..\..\generic\src\modos\_gen_mem.c">
      <Filter>modos</Filter>
    </ClCompile>
    <ClCompile Include="..\..\generic\src\modos\_gen_opt.c">
      <Filter>modos</Filter>
    </ClCompile>
    <ClCompile Include="..\..\generic\src\modos\_gen_rl.c">
      <Filter>modos</Filter>
    </ClCompile>
    <ClCompile Include="..\..\generic\src\modos\_gen_win.c">
      <Filter>modos</Filter>
    </ClCompile>
    <ClCompile Include="..\..\generic\src\modos\_gen_wrs.c">
      <Filter>modos</Filter>
    </ClCompile>
    <ClCompile Include="..\..\generic\src\modstacktrace\_gen_stacktrace.c">
      <Filter>modstacktrace</Filter>
    </ClCompile>
    <ClCompile Include="..\..\generic\src\modstacktrace\MapFile.cpp">
      <Filter>modstacktrace</Filter>
    </ClCompile>
    <ClCompile Include="..\..\generic\src\modstacktrace\printStackTrace.cpp">
      <Filter>modstacktrace</Filter>
    </ClCompile>
    <ClCompile Include="..\..\generic\src\modstacktrace\StackTrace.cpp">
      <Filter>modstacktrace</Filter>
    </ClCompile>
    <ClCompile Include="..\..\generic\src\modstacktrace\TextFile.cpp">
      <Filter>modstacktrace</Filter>
    </ClCompile>
    <ClCompile Include="..\..\generic\src\modstring\_gen_rs.c">
      <Filter>modstring</Filter>
    </ClCompile>
    <ClCompile Include="..\..\generic\src\modstring\_gen_rsu.c">
      <Filter>modstring</Filter>
    </ClCompile>
    <ClCompile Include="..\..\generic\src\modstring\_gen_rsw.c">
      <Filter>modstring</Filter>
    </ClCompile>
  </ItemGroup>
</Project>