<?xml version="1.0" encoding="utf-8"?>
<Project ToolsVersion="4.0" xmlns="http://schemas.microsoft.com/developer/msbuild/2003">
  <ItemGroup>
    <ClInclude Include="include\ah_adminapi.h" />
    <ClInclude Include="include\ah_adminapi_impl.h" />
    <ClInclude Include="impl\ah_adminapi_impl.h" />
  </ItemGroup>
  <ItemGroup>
    <ClCompile Include="src\adminapi.cpp" />
    <ClCompile Include="src\adminapisocket.cpp" />
  </ItemGroup>
</Project>