<?xml version="1.0" encoding="utf-8"?>
<Project ToolsVersion="4.0" xmlns="http://schemas.microsoft.com/developer/msbuild/2003">
  <ItemGroup>
    <None Include="..\..\aiengine\src\_wallpaper.txt" />
  </ItemGroup>
  <ItemGroup>
    <ClCompile Include="..\..\aiengine\src\main.cpp" />
    <ClCompile Include="..\..\aiengine\src\modknowledge\knowledge.cpp">
      <Filter>modknowledge</Filter>
    </ClCompile>
    <ClCompile Include="..\..\aiengine\src\modmedia\media.cpp">
      <Filter>modmedia</Filter>
    </ClCompile>
    <ClCompile Include="..\..\aiengine\src\test\test.cpp">
      <Filter>test</Filter>
    </ClCompile>
    <ClCompile Include="..\..\aiengine\src\engine\enginethreadhelper.cpp">
      <Filter>engine\helpers</Filter>
    </ClCompile>
    <ClCompile Include="..\..\aiengine\src\engine\fileutils.cpp">
      <Filter>engine\helpers</Filter>
    </ClCompile>
    <ClCompile Include="..\..\aiengine\src\engine\logger.cpp">
      <Filter>engine\logging</Filter>
    </ClCompile>
    <ClCompile Include="..\..\aiengine\src\engine\logsettingsitem.cpp">
      <Filter>engine\logging</Filter>
    </ClCompile>
    <ClCompile Include="..\..\aiengine\src\engine\logmanager.cpp">
      <Filter>engine\logging</Filter>
    </ClCompile>
    <ClCompile Include="..\..\aiengine\src\engine\logsettings.cpp">
      <Filter>engine\logging</Filter>
    </ClCompile>
    <ClCompile Include="..\..\aiengine\src\engine\math.cpp">
      <Filter>engine\helpers</Filter>
    </ClCompile>
    <ClCompile Include="..\..\aiengine\src\engine\object.cpp">
      <Filter>engine\objects</Filter>
    </ClCompile>
    <ClCompile Include="..\..\aiengine\src\engine\objectfield.cpp">
      <Filter>engine\objects</Filter>
    </ClCompile>
    <ClCompile Include="..\..\aiengine\src\engine\serializeobject.cpp">
      <Filter>engine\objects</Filter>
    </ClCompile>
    <ClCompile Include="..\..\aiengine\src\engine\tinyxml.cpp">
      <Filter>engine\tinyxml</Filter>
    </ClCompile>
    <ClCompile Include="..\..\aiengine\src\engine\xml.cpp">
      <Filter>engine\tinyxml</Filter>
    </ClCompile>
    <ClCompile Include="..\..\aiengine\src\engine\tinyxmlerror.cpp">
      <Filter>engine\tinyxml</Filter>
    </ClCompile>
    <ClCompile Include="..\..\aiengine\src\engine\tinyxmlparser.cpp">
      <Filter>engine\tinyxml</Filter>
    </ClCompile>
    <ClCompile Include="..\..\aiengine\src\engine\multiindexiterator.cpp">
      <Filter>engine\helpers</Filter>
    </ClCompile>
    <ClCompile Include="..\..\aiengine\src\engine\runtimeexception.cpp">
      <Filter>engine\helpers</Filter>
    </ClCompile>
    <ClCompile Include="..\..\aiengine\src\engine\timer.cpp">
      <Filter>engine\helpers</Filter>
    </ClCompile>
    <ClCompile Include="..\..\aiengine\src\engine\random.cpp">
      <Filter>engine\helpers</Filter>
    </ClCompile>
    <ClCompile Include="..\..\aiengine\src\engine\scale.cpp">
      <Filter>engine\basetypes</Filter>
    </ClCompile>
    <ClCompile Include="..\..\aiengine\src\engine\string.cpp">
      <Filter>engine\basetypes</Filter>
    </ClCompile>
    <ClCompile Include="..\..\aiengine\src\libbn\view_custom\htmcortex.cpp">
      <Filter>libbn\view_custom</Filter>
    </ClCompile>
    <ClCompile Include="..\..\aiengine\src\libbn\view_custom\htmhelper.cpp">
      <Filter>libbn\view_custom</Filter>
    </ClCompile>
    <ClCompile Include="..\..\aiengine\src\libbn\view_custom\htmlayer.cpp">
      <Filter>libbn\view_custom</Filter>
    </ClCompile>
    <ClCompile Include="..\..\aiengine\src\libbn\view_custom\htmlayermemory.cpp">
      <Filter>libbn\view_custom</Filter>
    </ClCompile>
    <ClCompile Include="..\..\aiengine\src\libbn\view_custom\htmrect.cpp">
      <Filter>libbn\view_custom</Filter>
    </ClCompile>
    <ClCompile Include="..\..\aiengine\src\libbn\view_custom\htmsequence.cpp">
      <Filter>libbn\view_custom</Filter>
    </ClCompile>
    <ClCompile Include="..\..\aiengine\src\libbn\libbn.cpp">
      <Filter>libbn</Filter>
    </ClCompile>
    <ClCompile Include="..\..\aiengine\src\libnn\fann_custom\fann_custom.cpp">
      <Filter>libnn\fann_custom</Filter>
    </ClCompile>
    <ClCompile Include="..\..\aiengine\src\libnn\fann_custom\nn.cpp">
      <Filter>libnn\fann_custom</Filter>
    </ClCompile>
    <ClCompile Include="..\..\aiengine\src\libnn\fann_custom\nnactivationfunction.cpp">
      <Filter>libnn\fann_custom</Filter>
    </ClCompile>
    <ClCompile Include="..\..\aiengine\src\libnn\fann_custom\nnerrorfunction.cpp">
      <Filter>libnn\fann_custom</Filter>
    </ClCompile>
    <ClCompile Include="..\..\aiengine\src\libnn\fann_custom\nnfinder.cpp">
      <Filter>libnn\fann_custom</Filter>
    </ClCompile>
    <ClCompile Include="..\..\aiengine\src\libnn\fann_custom\nnfinderfactory.cpp">
      <Filter>libnn\fann_custom</Filter>
    </ClCompile>
    <ClCompile Include="..\..\aiengine\src\libnn\fann_custom\nnfinderfactorysample.cpp">
      <Filter>libnn\fann_custom</Filter>
    </ClCompile>
    <ClCompile Include="..\..\aiengine\src\libnn\fann_custom\nninductionfunction.cpp">
      <Filter>libnn\fann_custom</Filter>
    </ClCompile>
    <ClCompile Include="..\..\aiengine\src\libnn\fann_custom\nnlayer.cpp">
      <Filter>libnn\fann_custom</Filter>
    </ClCompile>
    <ClCompile Include="..\..\aiengine\src\libnn\fann_custom\nnneuron.cpp">
      <Filter>libnn\fann_custom</Filter>
    </ClCompile>
    <ClCompile Include="..\..\aiengine\src\libnn\fann_custom\nnregression.cpp">
      <Filter>libnn\fann_custom</Filter>
    </ClCompile>
    <ClCompile Include="..\..\aiengine\src\libnn\fann_custom\nnregressionfactory.cpp">
      <Filter>libnn\fann_custom</Filter>
    </ClCompile>
    <ClCompile Include="..\..\aiengine\src\libnn\fann_custom\nnsample.cpp">
      <Filter>libnn\fann_custom</Filter>
    </ClCompile>
    <ClCompile Include="..\..\aiengine\src\libnn\fann_custom\nnsamples.cpp">
      <Filter>libnn\fann_custom</Filter>
    </ClCompile>
    <ClCompile Include="..\..\aiengine\src\libnn\fann_custom\nnscanpoint.cpp">
      <Filter>libnn\fann_custom</Filter>
    </ClCompile>
    <ClCompile Include="..\..\aiengine\src\libnn\fann_custom\nnstopfunction.cpp">
      <Filter>libnn\fann_custom</Filter>
    </ClCompile>
    <ClCompile Include="..\..\aiengine\src\libnn\fann_custom\nnstrategy.cpp">
      <Filter>libnn\fann_custom</Filter>
    </ClCompile>
    <ClCompile Include="..\..\aiengine\src\libnn\fann_custom\nnstrategybackpropagation.cpp">
      <Filter>libnn\fann_custom</Filter>
    </ClCompile>
    <ClCompile Include="..\..\aiengine\src\libnn\fann_custom\nnstrategyhelper.cpp">
      <Filter>libnn\fann_custom</Filter>
    </ClCompile>
    <ClCompile Include="..\..\aiengine\src\libnn\fann_custom\nnstrategyscan.cpp">
      <Filter>libnn\fann_custom</Filter>
    </ClCompile>
    <ClCompile Include="..\..\aiengine\src\libnn\fann_custom\nnstrategyscaniteration.cpp">
      <Filter>libnn\fann_custom</Filter>
    </ClCompile>
    <ClCompile Include="..\..\aiengine\src\libnn\fann_custom\nnvalidatefunction.cpp">
      <Filter>libnn\fann_custom</Filter>
    </ClCompile>
    <ClCompile Include="..\..\aiengine\src\libnn\fann_custom\nnvariable.cpp">
      <Filter>libnn\fann_custom</Filter>
    </ClCompile>
    <ClCompile Include="..\..\aiengine\src\libnn\fann_custom\nnvariablecategory.cpp">
      <Filter>libnn\fann_custom</Filter>
    </ClCompile>
    <ClCompile Include="..\..\aiengine\src\libnn\fann_custom\nnvariables.cpp">
      <Filter>libnn\fann_custom</Filter>
    </ClCompile>
    <ClCompile Include="..\..\aiengine\src\libnn\fann_custom\nnvariablescontainer.cpp">
      <Filter>libnn\fann_custom</Filter>
    </ClCompile>
    <ClCompile Include="..\..\aiengine\src\libnn\fann_custom\nnvariablesimple.cpp">
      <Filter>libnn\fann_custom</Filter>
    </ClCompile>
    <ClCompile Include="..\..\aiengine\src\libnn\fann_custom\nnweights.cpp">
      <Filter>libnn\fann_custom</Filter>
    </ClCompile>
    <ClCompile Include="..\..\aiengine\src\libnn\libnn.cpp">
      <Filter>libnn</Filter>
    </ClCompile>
    <ClCompile Include="..\..\aiengine\src\svcio\channel.cpp">
      <Filter>svcio</Filter>
    </ClCompile>
    <ClCompile Include="..\..\aiengine\src\svcio\io.cpp">
      <Filter>svcio</Filter>
    </ClCompile>
    <ClCompile Include="..\..\aiengine\src\svcio\message.cpp">
      <Filter>svcio</Filter>
    </ClCompile>
    <ClCompile Include="..\..\aiengine\src\svcio\publisher.cpp">
      <Filter>svcio</Filter>
    </ClCompile>
    <ClCompile Include="..\..\aiengine\src\svcio\queue.cpp">
      <Filter>svcio</Filter>
    </ClCompile>
    <ClCompile Include="..\..\aiengine\src\svcio\session.cpp">
      <Filter>svcio</Filter>
    </ClCompile>
    <ClCompile Include="..\..\aiengine\src\svcio\subscription.cpp">
      <Filter>svcio</Filter>
    </ClCompile>
    <ClCompile Include="..\..\aiengine\src\svcio\xmlcall.cpp">
      <Filter>svcio</Filter>
    </ClCompile>
    <ClCompile Include="..\..\aiengine\src\svcio\xmlmessage.cpp">
      <Filter>svcio</Filter>
    </ClCompile>
    <ClCompile Include="..\..\aiengine\src\engine\engine.cpp">
      <Filter>engine</Filter>
    </ClCompile>
    <ClCompile Include="..\..\aiengine\src\svcdb\db.cpp">
      <Filter>svcdb</Filter>
    </ClCompile>
    <ClCompile Include="..\..\aiengine\src\svcdb\dbcursor.cpp">
      <Filter>svcdb</Filter>
    </ClCompile>
    <ClCompile Include="..\..\aiengine\src\svcdb\dbfile.cpp">
      <Filter>svcdb</Filter>
    </ClCompile>
    <ClCompile Include="..\..\aiengine\src\svcdb\dbrecordheader.cpp">
      <Filter>svcdb</Filter>
    </ClCompile>
    <ClCompile Include="..\..\aiengine\src\svcdb\dbrecordset.cpp">
      <Filter>svcdb</Filter>
    </ClCompile>
    <ClCompile Include="..\..\aiengine\src\modintelligence\intelligence.cpp">
      <Filter>modintelligence</Filter>
    </ClCompile>
    <ClCompile Include="..\..\aiengine\src\modbody\body.cpp">
      <Filter>modbody</Filter>
    </ClCompile>
    <ClCompile Include="..\..\aiengine\src\modmedia\listener.cpp">
      <Filter>modmedia</Filter>
    </ClCompile>
    <ClCompile Include="..\..\aiengine\src\modmedia\sockserver.cpp">
      <Filter>modmedia</Filter>
    </ClCompile>
    <ClCompile Include="..\..\aiengine\src\modmedia\socketconnection.cpp">
      <Filter>modmedia</Filter>
    </ClCompile>
    <ClCompile Include="..\..\aiengine\src\modcognition\cognition.cpp">
      <Filter>modcognition</Filter>
    </ClCompile>
    <ClCompile Include="..\..\aiengine\src\modbrain\brain.cpp">
      <Filter>modbrain</Filter>
    </ClCompile>
    <ClCompile Include="..\..\aiengine\src\modbody\sensors\filesyswalker.cpp">
      <Filter>modbody\sensors</Filter>
    </ClCompile>
    <ClCompile Include="..\..\aiengine\src\modbrain\mindmap.cpp">
      <Filter>modbrain</Filter>
    </ClCompile>
    <ClCompile Include="..\..\aiengine\src\modbrain\mindareainfo.cpp">
      <Filter>modbrain</Filter>
    </ClCompile>
    <ClCompile Include="..\..\aiengine\src\modbrain\mindlinkinfo.cpp">
      <Filter>modbrain</Filter>
    </ClCompile>
    <ClCompile Include="..\..\aiengine\src\modbody\sensors.cpp">
      <Filter>modbody</Filter>
    </ClCompile>
    <ClCompile Include="..\..\aiengine\src\modbrain\activememory.cpp">
      <Filter>modbrain</Filter>
    </ClCompile>
    <ClCompile Include="..\..\aiengine\src\modbrain\activememorythreadpool.cpp">
      <Filter>modbrain</Filter>
    </ClCompile>
    <ClCompile Include="..\..\aiengine\src\modbrain\activememoryobject.cpp">
      <Filter>modbrain</Filter>
    </ClCompile>
    <ClCompile Include="..\..\aiengine\src\modbrain\activememorythread.cpp">
      <Filter>modbrain</Filter>
    </ClCompile>
    <ClCompile Include="..\..\aiengine\src\modbrain\mindlink.cpp">
      <Filter>modbrain</Filter>
    </ClCompile>
    <ClCompile Include="..\..\aiengine\src\modbrain\cortex.cpp">
      <Filter>modbrain</Filter>
    </ClCompile>
    <ClCompile Include="..\..\aiengine\src\modbrain\mindarea.cpp">
      <Filter>modbrain</Filter>
    </ClCompile>
    <ClCompile Include="..\..\aiengine\src\modbrain\brainlocation.cpp">
      <Filter>modbrain</Filter>
    </ClCompile>
    <ClCompile Include="..\..\aiengine\src\libbn\sf_neocortex_1_4_2\Hippo.cpp">
      <Filter>libbn\sf_neocortex_1_4_2</Filter>
    </ClCompile>
    <ClCompile Include="..\..\aiengine\src\libbn\sf_neocortex_1_4_2\NeoRegion.cpp">
      <Filter>libbn\sf_neocortex_1_4_2</Filter>
    </ClCompile>
    <ClCompile Include="..\..\aiengine\src\libbn\sf_neocortex_1_4_2\Sense.cpp">
      <Filter>libbn\sf_neocortex_1_4_2</Filter>
    </ClCompile>
    <ClCompile Include="..\..\aiengine\src\libbn\sf_neocortex_1_4_2\Sequence.cpp">
      <Filter>libbn\sf_neocortex_1_4_2</Filter>
    </ClCompile>
    <ClCompile Include="..\..\aiengine\src\libbn\sf_neocortex_1_4_2\Source.cpp">
      <Filter>libbn\sf_neocortex_1_4_2</Filter>
    </ClCompile>
    <ClCompile Include="..\..\aiengine\src\libbn\sf_neocortex_1_4_2\SubRegion.cpp">
      <Filter>libbn\sf_neocortex_1_4_2</Filter>
    </ClCompile>
    <ClCompile Include="..\..\aiengine\src\libbn\sf_neocortex_1_4_2\sf_neocortex.cpp">
      <Filter>libbn\sf_neocortex_1_4_2</Filter>
    </ClCompile>
    <ClCompile Include="..\..\aiengine\src\modcognition\neocortex.cpp">
      <Filter>modcognition</Filter>
    </ClCompile>
    <ClCompile Include="..\..\aiengine\src\modcognition\neocortex\cognitiveprocessor.cpp">
      <Filter>modcognition\neocortex</Filter>
    </ClCompile>
    <ClCompile Include="..\..\aiengine\src\modbrain\adapters\sf_neocortex_adapter.cpp">
      <Filter>modbrain\adapters</Filter>
    </ClCompile>
    <ClCompile Include="..\..\aiengine\src\libbn\view_custom_lib.cpp">
      <Filter>libbn</Filter>
    </ClCompile>
    <ClCompile Include="..\..\aiengine\src\test\neocortex_test.cpp">
      <Filter>test\libbn</Filter>
    </ClCompile>
    <ClCompile Include="..\..\aiengine\src\test\filesyswalker_test.cpp">
      <Filter>test\sensors</Filter>
    </ClCompile>
    <ClCompile Include="..\..\aiengine\src\test\htmlib_view_custom_test.cpp">
      <Filter>test\libbn</Filter>
    </ClCompile>
    <ClCompile Include="..\..\aiengine\src\test\nnlib_fann_custom_test.cpp">
      <Filter>test\libnn</Filter>
    </ClCompile>
    <ClCompile Include="..\..\aiengine\src\libbn\neocortex_custom_lib.cpp">
      <Filter>libbn</Filter>
    </ClCompile>
    <ClCompile Include="..\..\aiengine\src\libbn\neocortex_custom\XNeoCortex.cpp">
      <Filter>libbn\neocortex_custom</Filter>
    </ClCompile>
    <ClCompile Include="..\..\aiengine\src\libbn\neocortex_custom\XHippo.cpp">
      <Filter>libbn\neocortex_custom</Filter>
    </ClCompile>
    <ClCompile Include="..\..\aiengine\src\libbn\neocortex_custom\XNeoRegion.cpp">
      <Filter>libbn\neocortex_custom</Filter>
    </ClCompile>
    <ClCompile Include="..\..\aiengine\src\libbn\neocortex_custom\XSense.cpp">
      <Filter>libbn\neocortex_custom</Filter>
    </ClCompile>
    <ClCompile Include="..\..\aiengine\src\libbn\neocortex_custom\XSequence.cpp">
      <Filter>libbn\neocortex_custom</Filter>
    </ClCompile>
    <ClCompile Include="..\..\aiengine\src\libbn\neocortex_custom\XSource.cpp">
      <Filter>libbn\neocortex_custom</Filter>
    </ClCompile>
    <ClCompile Include="..\..\aiengine\src\libbn\neocortex_custom\XSubRegion.cpp">
      <Filter>libbn\neocortex_custom</Filter>
    </ClCompile>
    <ClCompile Include="..\..\aiengine\src\modmedia\activesocket.cpp">
      <Filter>modmedia</Filter>
    </ClCompile>
    <ClCompile Include="..\..\aiengine\src\modknowledge\ImageKnowledgeBase.cpp">
      <Filter>modknowledge</Filter>
    </ClCompile>
    <ClCompile Include="..\..\aiengine\src\modbody\sensors\eye.cpp">
      <Filter>modbody\sensors</Filter>
    </ClCompile>
  </ItemGroup>
  <ItemGroup>
    <ClInclude Include="..\..\aiengine\src\include\aibasetypes.h">
      <Filter>include</Filter>
    </ClInclude>
    <ClInclude Include="..\..\aiengine\src\include\aiengine.h">
      <Filter>include</Filter>
    </ClInclude>
    <ClInclude Include="..\..\aiengine\src\include\aiknowledge.h">
      <Filter>include</Filter>
    </ClInclude>
    <ClInclude Include="..\..\aiengine\src\include\aimedia.h">
      <Filter>include</Filter>
    </ClInclude>
    <ClInclude Include="..\..\aiengine\src\include\aiobject.h">
      <Filter>include</Filter>
    </ClInclude>
    <ClInclude Include="..\..\aiengine\src\include\test.h">
      <Filter>include</Filter>
    </ClInclude>
    <ClInclude Include="..\..\aiengine\src\include\generic\__gen.h">
      <Filter>include\generic</Filter>
    </ClInclude>
    <ClInclude Include="..\..\aiengine\src\include\generic\_gencach.h">
      <Filter>include\generic</Filter>
    </ClInclude>
    <ClInclude Include="..\..\aiengine\src\include\generic\_gencube.h">
      <Filter>include\generic</Filter>
    </ClInclude>
    <ClInclude Include="..\..\aiengine\src\include\generic\_gendata.h">
      <Filter>include\generic</Filter>
    </ClInclude>
    <ClInclude Include="..\..\aiengine\src\include\generic\_genhuge.h">
      <Filter>include\generic</Filter>
    </ClInclude>
    <ClInclude Include="..\..\aiengine\src\include\generic\_genmap.h">
      <Filter>include\generic</Filter>
    </ClInclude>
    <ClInclude Include="..\..\aiengine\src\include\generic\_genmisc.h">
      <Filter>include\generic</Filter>
    </ClInclude>
    <ClInclude Include="..\..\aiengine\src\include\generic\_genmsh.h">
      <Filter>include\generic</Filter>
    </ClInclude>
    <ClInclude Include="..\..\aiengine\src\include\generic\_genos.h">
      <Filter>include\generic</Filter>
    </ClInclude>
    <ClInclude Include="..\..\aiengine\src\include\generic\_genplat.h">
      <Filter>include\generic</Filter>
    </ClInclude>
    <ClInclude Include="..\..\aiengine\src\include\generic\_genset.h">
      <Filter>include\generic</Filter>
    </ClInclude>
    <ClInclude Include="..\..\aiengine\src\include\generic\_genstr.h">
      <Filter>include\generic</Filter>
    </ClInclude>
    <ClInclude Include="..\..\aiengine\src\test\test_impl.h">
      <Filter>test</Filter>
    </ClInclude>
    <ClInclude Include="..\..\aiengine\src\modknowledge\knowledge_impl.h">
      <Filter>modknowledge</Filter>
    </ClInclude>
    <ClInclude Include="..\..\aiengine\src\modmedia\media_impl.h">
      <Filter>modmedia</Filter>
    </ClInclude>
    <ClInclude Include="..\..\aiengine\src\include\aibody.h">
      <Filter>include</Filter>
    </ClInclude>
    <ClInclude Include="..\..\aiengine\src\include\aiintelligence.h">
      <Filter>include</Filter>
    </ClInclude>
    <ClInclude Include="..\..\aiengine\src\include\ailibbn.h">
      <Filter>include</Filter>
    </ClInclude>
    <ClInclude Include="..\..\aiengine\src\include\ailibnn.h">
      <Filter>include</Filter>
    </ClInclude>
    <ClInclude Include="..\..\aiengine\src\include\aisvcio.h">
      <Filter>include</Filter>
    </ClInclude>
    <ClInclude Include="..\..\aiengine\src\include\aisvcdb.h">
      <Filter>include</Filter>
    </ClInclude>
    <ClInclude Include="..\..\aiengine\src\engine\tinyxml.h">
      <Filter>engine\tinyxml</Filter>
    </ClInclude>
    <ClInclude Include="..\..\aiengine\src\libbn\view_custom\htm_custom.h">
      <Filter>libbn\view_custom</Filter>
    </ClInclude>
    <ClInclude Include="..\..\aiengine\src\libbn\libbn_impl.h">
      <Filter>libbn</Filter>
    </ClInclude>
    <ClInclude Include="..\..\aiengine\src\libnn\fann_custom\fann_custom.h">
      <Filter>libnn\fann_custom</Filter>
    </ClInclude>
    <ClInclude Include="..\..\aiengine\src\libnn\fann_custom\fann_custom_implfunc.h">
      <Filter>libnn\fann_custom</Filter>
    </ClInclude>
    <ClInclude Include="..\..\aiengine\src\libnn\fann_custom\fann_custom_implnet.h">
      <Filter>libnn\fann_custom</Filter>
    </ClInclude>
    <ClInclude Include="..\..\aiengine\src\libnn\fann_custom\fann_custom_implnn.h">
      <Filter>libnn\fann_custom</Filter>
    </ClInclude>
    <ClInclude Include="..\..\aiengine\src\libnn\fann_custom\fann_custom_implstrategy.h">
      <Filter>libnn\fann_custom</Filter>
    </ClInclude>
    <ClInclude Include="..\..\aiengine\src\libnn\libnn_impl.h">
      <Filter>libnn</Filter>
    </ClInclude>
    <ClInclude Include="..\..\aiengine\src\svcio\io_impl.h">
      <Filter>svcio</Filter>
    </ClInclude>
    <ClInclude Include="..\..\aiengine\src\engine\engine_impl.h">
      <Filter>engine</Filter>
    </ClInclude>
    <ClInclude Include="..\..\aiengine\src\svcdb\db_impl.h">
      <Filter>svcdb</Filter>
    </ClInclude>
    <ClInclude Include="..\..\aiengine\src\modintelligence\intelligence_impl.h">
      <Filter>modintelligence</Filter>
    </ClInclude>
    <ClInclude Include="..\..\aiengine\src\modbody\body_impl.h">
      <Filter>modbody</Filter>
    </ClInclude>
    <ClInclude Include="..\..\aiengine\src\modcognition\cognition_impl.h">
      <Filter>modcognition</Filter>
    </ClInclude>
    <ClInclude Include="..\..\aiengine\src\include\aicognition.h">
      <Filter>include</Filter>
    </ClInclude>
    <ClInclude Include="..\..\aiengine\src\modbrain\brain_impl.h">
      <Filter>modbrain</Filter>
    </ClInclude>
    <ClInclude Include="..\..\aiengine\src\include\aibrain.h">
      <Filter>include</Filter>
    </ClInclude>
    <ClInclude Include="..\..\aiengine\src\libbn\sf_neocortex_1_4_2\Hippo.h">
      <Filter>libbn\sf_neocortex_1_4_2</Filter>
    </ClInclude>
    <ClInclude Include="..\..\aiengine\src\libbn\sf_neocortex_1_4_2\NeoRegion.h">
      <Filter>libbn\sf_neocortex_1_4_2</Filter>
    </ClInclude>
    <ClInclude Include="..\..\aiengine\src\libbn\sf_neocortex_1_4_2\Sense.h">
      <Filter>libbn\sf_neocortex_1_4_2</Filter>
    </ClInclude>
    <ClInclude Include="..\..\aiengine\src\libbn\sf_neocortex_1_4_2\Sequence.h">
      <Filter>libbn\sf_neocortex_1_4_2</Filter>
    </ClInclude>
    <ClInclude Include="..\..\aiengine\src\libbn\sf_neocortex_1_4_2\Source.h">
      <Filter>libbn\sf_neocortex_1_4_2</Filter>
    </ClInclude>
    <ClInclude Include="..\..\aiengine\src\libbn\sf_neocortex_1_4_2\SparseArray.h">
      <Filter>libbn\sf_neocortex_1_4_2</Filter>
    </ClInclude>
    <ClInclude Include="..\..\aiengine\src\libbn\sf_neocortex_1_4_2\SubRegion.h">
      <Filter>libbn\sf_neocortex_1_4_2</Filter>
    </ClInclude>
    <ClInclude Include="..\..\aiengine\src\libbn\sf_neocortex_1_4_2\sf_neocortex.h">
      <Filter>libbn\sf_neocortex_1_4_2</Filter>
    </ClInclude>
    <ClInclude Include="..\..\aiengine\src\libbn\neocortex_custom\XNeoCortex.h">
      <Filter>libbn\neocortex_custom</Filter>
    </ClInclude>
    <ClInclude Include="..\..\aiengine\src\libbn\neocortex_custom\XHippo.h">
      <Filter>libbn\neocortex_custom</Filter>
    </ClInclude>
    <ClInclude Include="..\..\aiengine\src\libbn\neocortex_custom\XNeoRegion.h">
      <Filter>libbn\neocortex_custom</Filter>
    </ClInclude>
    <ClInclude Include="..\..\aiengine\src\libbn\neocortex_custom\XSense.h">
      <Filter>libbn\neocortex_custom</Filter>
    </ClInclude>
    <ClInclude Include="..\..\aiengine\src\libbn\neocortex_custom\XSequence.h">
      <Filter>libbn\neocortex_custom</Filter>
    </ClInclude>
    <ClInclude Include="..\..\aiengine\src\libbn\neocortex_custom\XSource.h">
      <Filter>libbn\neocortex_custom</Filter>
    </ClInclude>
    <ClInclude Include="..\..\aiengine\src\libbn\neocortex_custom\XSparseArray.h">
      <Filter>libbn\neocortex_custom</Filter>
    </ClInclude>
    <ClInclude Include="..\..\aiengine\src\libbn\neocortex_custom\XSubRegion.h">
      <Filter>libbn\neocortex_custom</Filter>
    </ClInclude>
  </ItemGroup>
  <ItemGroup>
    <Filter Include="include">
      <UniqueIdentifier>{43b18ba3-4897-4419-8378-c262275decb1}</UniqueIdentifier>
    </Filter>
    <Filter Include="include\generic">
      <UniqueIdentifier>{efbdcda7-d647-4e04-8b38-c337f6a0eef1}</UniqueIdentifier>
    </Filter>
    <Filter Include="svcdb">
      <UniqueIdentifier>{8d11b3cc-490b-4802-b372-4723875ca51c}</UniqueIdentifier>
    </Filter>
    <Filter Include="engine">
      <UniqueIdentifier>{7bb16987-ccea-41cc-885c-06775aaa657d}</UniqueIdentifier>
    </Filter>
    <Filter Include="libbn">
      <UniqueIdentifier>{a6df5099-2268-410e-b8ef-b1f202b31f7b}</UniqueIdentifier>
    </Filter>
    <Filter Include="libbn\view_custom">
      <UniqueIdentifier>{992cf904-feec-4ddd-a4c1-17b35a817254}</UniqueIdentifier>
    </Filter>
    <Filter Include="svcio">
      <UniqueIdentifier>{5f432c6a-c3cb-4705-b998-041b4e07c94d}</UniqueIdentifier>
    </Filter>
    <Filter Include="modknowledge">
      <UniqueIdentifier>{bf714d1f-7a9c-42e0-afe5-480c866471a9}</UniqueIdentifier>
    </Filter>
    <Filter Include="modmedia">
      <UniqueIdentifier>{c55bcf36-c06b-452c-8f08-07fb29edba3f}</UniqueIdentifier>
    </Filter>
    <Filter Include="libnn">
      <UniqueIdentifier>{a68e0a56-702f-4bc2-93d3-8fb8361ad16a}</UniqueIdentifier>
    </Filter>
    <Filter Include="libnn\fann_custom">
      <UniqueIdentifier>{1956de09-fd8f-4606-9e27-0cc360fb3edd}</UniqueIdentifier>
    </Filter>
    <Filter Include="test">
      <UniqueIdentifier>{a845802a-faf9-4088-8a85-9e1058f0112a}</UniqueIdentifier>
    </Filter>
    <Filter Include="engine\helpers">
      <UniqueIdentifier>{4733c411-925e-42e3-a640-c69a18d416ee}</UniqueIdentifier>
    </Filter>
    <Filter Include="engine\logging">
      <UniqueIdentifier>{6c04b319-f0a8-4206-8099-ef975b00ffec}</UniqueIdentifier>
    </Filter>
    <Filter Include="engine\basetypes">
      <UniqueIdentifier>{bcb58a0a-3249-4008-b5d5-d71470f62f9d}</UniqueIdentifier>
    </Filter>
    <Filter Include="engine\tinyxml">
      <UniqueIdentifier>{15345f3e-7d89-4664-8ea2-e069d745e84b}</UniqueIdentifier>
    </Filter>
    <Filter Include="linklibs">
      <UniqueIdentifier>{5fd14957-15b3-43cb-b691-6787ff0d47b8}</UniqueIdentifier>
    </Filter>
    <Filter Include="linklibs\debug">
      <UniqueIdentifier>{6555438c-857a-424d-8f4a-4c36674aa89c}</UniqueIdentifier>
    </Filter>
    <Filter Include="linklibs\release">
      <UniqueIdentifier>{4e304edf-5b31-41f4-ba75-1452ea0bc0a3}</UniqueIdentifier>
    </Filter>
    <Filter Include="modintelligence">
      <UniqueIdentifier>{a626ee74-3728-4047-ab47-83c038c97b14}</UniqueIdentifier>
    </Filter>
    <Filter Include="modintelligence\behavior">
      <UniqueIdentifier>{67a279d3-cc1a-4edf-8746-b1c2307bf325}</UniqueIdentifier>
    </Filter>
    <Filter Include="modintelligence\motor">
      <UniqueIdentifier>{f55a873f-f626-4f02-950e-27c991b063ec}</UniqueIdentifier>
    </Filter>
    <Filter Include="modbody">
      <UniqueIdentifier>{7d4944d8-3023-4856-bff1-11832db7523b}</UniqueIdentifier>
    </Filter>
    <Filter Include="modbody\biology">
      <UniqueIdentifier>{3018fc6f-d2b4-4c5a-83ac-15eb48326a3f}</UniqueIdentifier>
    </Filter>
    <Filter Include="modbody\physiology">
      <UniqueIdentifier>{8046d1fc-7d57-4d09-adce-cf12d011ddfc}</UniqueIdentifier>
    </Filter>
    <Filter Include="modcognition">
      <UniqueIdentifier>{57bba624-138c-4432-8a3b-65c7f47f8650}</UniqueIdentifier>
    </Filter>
    <Filter Include="modcognition\associations">
      <UniqueIdentifier>{1a09925d-64a8-48f3-aec5-c6c46cb85c23}</UniqueIdentifier>
    </Filter>
    <Filter Include="modbody\effectors">
      <UniqueIdentifier>{db8ff91f-79f3-487b-b579-2b822187a650}</UniqueIdentifier>
    </Filter>
    <Filter Include="modbrain">
      <UniqueIdentifier>{cf8eda57-1f0c-413c-9f4b-a045c121dfdd}</UniqueIdentifier>
    </Filter>
    <Filter Include="modbody\sensors">
      <UniqueIdentifier>{ac93da19-f748-4f76-a8fd-f96cc6163bbd}</UniqueIdentifier>
    </Filter>
    <Filter Include="modcognition\neocortex">
      <UniqueIdentifier>{99ddcbdd-fef4-41fb-9d18-d72e2dbe27c4}</UniqueIdentifier>
    </Filter>
    <Filter Include="libbn\sf_neocortex_1_4_2">
      <UniqueIdentifier>{61f2316d-69da-4664-8366-fca3b1a078ba}</UniqueIdentifier>
    </Filter>
    <Filter Include="engine\objects">
      <UniqueIdentifier>{54cd30e9-c23a-44ac-a7e1-497e39237762}</UniqueIdentifier>
    </Filter>
    <Filter Include="modbrain\adapters">
      <UniqueIdentifier>{ccf19428-13e5-41cf-8a15-1639f41d6732}</UniqueIdentifier>
    </Filter>
    <Filter Include="test\libbn">
      <UniqueIdentifier>{628c2806-acdb-42d8-8904-85430e95b07f}</UniqueIdentifier>
    </Filter>
    <Filter Include="test\libnn">
      <UniqueIdentifier>{a28550aa-5d22-441c-9ea3-5b6890ee9634}</UniqueIdentifier>
    </Filter>
    <Filter Include="test\sensors">
      <UniqueIdentifier>{30416eec-72d5-4c81-b031-eeb717b39e7f}</UniqueIdentifier>
    </Filter>
    <Filter Include="libbn\neocortex_custom">
      <UniqueIdentifier>{037809c9-a638-4196-9d7c-85741c16ec2f}</UniqueIdentifier>
    </Filter>
  </ItemGroup>
  <ItemGroup>
    <Library Include="..\..\aiengine\lib\debug\generic.vc.debug.lib">
      <Filter>linklibs\debug</Filter>
    </Library>
  </ItemGroup>
</Project>