<?xml version="1.0" encoding="utf-8"?>
<Project ToolsVersion="4.0" xmlns="http://schemas.microsoft.com/developer/msbuild/2003">
  <ItemGroup>
    <ClInclude Include="include\ah_mind.h" />
    <ClInclude Include="impl\ah_mind_impl.h" />
    <ClInclude Include="include\ah_mindmatter.h" />
    <ClInclude Include="include\ah_mindmeta.h" />
    <ClInclude Include="include\ah_mindmanager.h" />
    <ClInclude Include="include\ah_mindflow.h" />
    <ClInclude Include="include\ah_mindservice.h" />
    <ClInclude Include="include\ah_mindtarget.h" />
    <ClInclude Include="include\ah_mindbase.h" />
    <ClInclude Include="include\ah_mindspace.h" />
    <ClInclude Include="include\ah_mindstream.h" />
    <ClInclude Include="include\ah_mindarea.h" />
    <ClInclude Include="include\ah_mindregion.h" />
  </ItemGroup>
  <ItemGroup>
    <Filter Include="include">
      <UniqueIdentifier>{a84f8382-7456-4f0c-99fa-da5ae161983d}</UniqueIdentifier>
    </Filter>
    <Filter Include="src">
      <UniqueIdentifier>{9b3b8caa-fea5-4399-8cff-9b37c20f8a91}</UniqueIdentifier>
    </Filter>
    <Filter Include="src\lifecycle">
      <UniqueIdentifier>{2b1fed96-3891-4400-8bb1-472695de1943}</UniqueIdentifier>
    </Filter>
    <Filter Include="src\neuronet">
      <UniqueIdentifier>{28418099-5bb4-43ab-a109-8f131ce3da7a}</UniqueIdentifier>
    </Filter>
    <Filter Include="src\modules">
      <UniqueIdentifier>{d85980e6-4c25-41af-a8bf-b925f608c898}</UniqueIdentifier>
    </Filter>
    <Filter Include="src\modules\neocortex">
      <UniqueIdentifier>{706e8ab6-459c-4ee1-9aa5-51569b410bb2}</UniqueIdentifier>
    </Filter>
    <Filter Include="src\modules\neocortex\area">
      <UniqueIdentifier>{8aa680ad-206d-493e-aa65-4419daad7fca}</UniqueIdentifier>
    </Filter>
    <Filter Include="src\modules\neocortex\region">
      <UniqueIdentifier>{65081f2e-9fe4-4dfc-8227-5c509d965c37}</UniqueIdentifier>
    </Filter>
    <Filter Include="src\modules\archicortex">
      <UniqueIdentifier>{2273e55e-1911-4f92-b6d7-de18e0d1a70e}</UniqueIdentifier>
    </Filter>
    <Filter Include="src\modules\archicortex\area">
      <UniqueIdentifier>{da2dfb1d-29d6-4cfc-8159-f96aa75bcb05}</UniqueIdentifier>
    </Filter>
    <Filter Include="src\modules\archicortex\region">
      <UniqueIdentifier>{3bda7f8c-eeda-4a31-ab81-f878ffde0fd2}</UniqueIdentifier>
    </Filter>
    <Filter Include="src\modules\nucleousprocessor">
      <UniqueIdentifier>{b7cb8ec2-5630-4ea6-9519-ab3c10cbe4cb}</UniqueIdentifier>
    </Filter>
    <Filter Include="src\modules\nucleousprocessor\area">
      <UniqueIdentifier>{d87a2343-b533-4e84-9b97-d1f525028ffb}</UniqueIdentifier>
    </Filter>
    <Filter Include="src\modules\nucleousprocessor\region">
      <UniqueIdentifier>{52d6680c-12c3-49dd-b4da-2cd1da8c170d}</UniqueIdentifier>
    </Filter>
    <Filter Include="src\modules\nucleousrelay">
      <UniqueIdentifier>{f1f6d862-cdab-4857-8793-e116528eed26}</UniqueIdentifier>
    </Filter>
    <Filter Include="src\modules\nucleousrelay\area">
      <UniqueIdentifier>{2fe52b9f-b62c-49b8-94dc-57ccf49e735c}</UniqueIdentifier>
    </Filter>
    <Filter Include="src\modules\nucleousrelay\region">
      <UniqueIdentifier>{28054ddc-0fda-444e-8bf3-4ebb82cdd5e4}</UniqueIdentifier>
    </Filter>
    <Filter Include="src\modules\pns">
      <UniqueIdentifier>{ed29bcf2-07e2-437a-b427-b904d373b99f}</UniqueIdentifier>
    </Filter>
    <Filter Include="src\modules\pns\area">
      <UniqueIdentifier>{63a1a405-7447-4d61-859f-4a008e333f33}</UniqueIdentifier>
    </Filter>
    <Filter Include="src\modules\pns\region">
      <UniqueIdentifier>{8276f7f5-8508-418b-9bae-78fe494332a2}</UniqueIdentifier>
    </Filter>
    <Filter Include="src\neuronet\cortexnet">
      <UniqueIdentifier>{c7638393-39cf-402b-8564-eeb6c7bb6e18}</UniqueIdentifier>
    </Filter>
    <Filter Include="src\neuronet\nucleousnet">
      <UniqueIdentifier>{7daa4969-904b-4e34-9356-12eca52d862d}</UniqueIdentifier>
    </Filter>
  </ItemGroup>
  <ItemGroup>
    <ClCompile Include="src\mind.cpp" />
    <ClCompile Include="src\mindarea\mindarea.cpp" />
    <ClCompile Include="src\mindservice\mindservice.cpp" />
    <ClCompile Include="src\mindspace\mindareainfo.cpp" />
    <ClCompile Include="src\mindspace\mindmap.cpp" />
    <ClCompile Include="src\mindspace\mindarealinkinfo.cpp" />
    <ClCompile Include="src\mindspace\mindlocation.cpp" />
    <ClCompile Include="src\mindstream\mindactivememory.cpp" />
    <ClCompile Include="src\mindstream\mindmessage.cpp" />
    <ClCompile Include="src\mindstream\mindactivememoryobject.cpp" />
    <ClCompile Include="src\mindstream\mindarealink.cpp" />
    <ClCompile Include="src\mindspace\mindspace.cpp" />
    <ClCompile Include="src\mindarea\mindareaset.cpp" />
    <ClCompile Include="src\mindregion\mindregionset.cpp" />
    <ClCompile Include="src\mindstream\mindarealinkset.cpp" />
    <ClCompile Include="src\mindregion\mindregion.cpp" />
    <ClCompile Include="src\mindstream\mindregionlinkset.cpp" />
    <ClCompile Include="src\mindstream\mindregionlink.cpp" />
  </ItemGroup>
</Project>