<?xml version="1.0" encoding="utf-8"?>
<Project ToolsVersion="4.0" xmlns="http://schemas.microsoft.com/developer/msbuild/2003">
  <ItemGroup>
    <ClInclude Include="include\ah_mind.h" />
    <ClInclude Include="impl\ah_mind_impl.h" />
    <ClInclude Include="include\ah_mindmatter.h" />
    <ClInclude Include="include\ah_mindservice.h" />
    <ClInclude Include="include\ah_mindtarget.h" />
    <ClInclude Include="include\ah_mindbase.h" />
    <ClInclude Include="include\ah_mindspace.h" />
    <ClInclude Include="include\ah_mindstream.h" />
    <ClInclude Include="include\ah_mindarea.h" />
    <ClInclude Include="include\ah_mindregion.h" />
    <ClInclude Include="include\ah_mindmap.h" />
  </ItemGroup>
  <ItemGroup>
    <ClCompile Include="src\mind.cpp" />
    <ClCompile Include="src\mindarea\mindarea.cpp" />
    <ClCompile Include="src\mindservice\mindservice.cpp" />
    <ClCompile Include="src\mindspace\mindlocation.cpp" />
    <ClCompile Include="src\mindstream\mindactivememory.cpp" />
    <ClCompile Include="src\mindstream\mindmessage.cpp" />
    <ClCompile Include="src\mindstream\mindactivememoryobject.cpp" />
    <ClCompile Include="src\mindstream\mindarealink.cpp" />
    <ClCompile Include="src\mindspace\mindspace.cpp" />
    <ClCompile Include="src\mindarea\mindareaset.cpp" />
    <ClCompile Include="src\mindregion\mindregionset.cpp" />
    <ClCompile Include="src\mindstream\mindarealinkset.cpp" />
    <ClCompile Include="src\mindregion\mindregion.cpp" />
    <ClCompile Include="src\mindstream\mindregionlinkset.cpp" />
    <ClCompile Include="src\mindstream\mindregionlink.cpp" />
    <ClCompile Include="src\mindtarget\mindsensor.cpp" />
    <ClCompile Include="src\mindtarget\mindtarget.cpp" />
    <ClCompile Include="src\mindtarget\mindsensorset.cpp" />
    <ClCompile Include="src\mindtarget\mindsensorsettracker.cpp" />
    <ClCompile Include="src\mindtarget\effectorarea.cpp" />
    <ClCompile Include="src\mindtarget\sensorarea.cpp" />
    <ClCompile Include="src\mindtarget\mindeffectorset.cpp" />
    <ClCompile Include="src\mindarea\perceptionarea.cpp" />
    <ClCompile Include="src\mindregion\cortexregion.cpp" />
    <ClCompile Include="src\mindmatter\neurolinkset.cpp" />
    <ClCompile Include="src\mindmatter\neurolink.cpp" />
    <ClCompile Include="src\mindmatter\excitatorylink.cpp" />
    <ClCompile Include="src\mindmatter\inhibitorylink.cpp" />
    <ClCompile Include="src\mindmatter\modulatorylink.cpp" />
    <ClCompile Include="src\mindregion\nucleiregion.cpp" />
    <ClCompile Include="src\mindregion\nerveregion.cpp" />
    <ClCompile Include="src\mindmatter\neurovector.cpp" />
    <ClCompile Include="src\mindservice\mindnet.cpp" />
    <ClCompile Include="src\mindservice\mindnetset.cpp" />
    <ClCompile Include="src\mindarea\mindareanet.cpp" />
    <ClCompile Include="src\mindmatter\neurolinksource.cpp" />
    <ClCompile Include="src\mindmatter\neurolinktarget.cpp" />
    <ClCompile Include="src\mindarea\thalamusarea.cpp" />
    <ClCompile Include="src\mindmap\mindareainfo.cpp" />
    <ClCompile Include="src\mindmap\neurolinkinfo.cpp" />
    <ClCompile Include="src\mindmap\mindarealinkinfo.cpp" />
    <ClCompile Include="src\mindmap\mindmap.cpp" />
    <ClCompile Include="src\mindmap\mindnetinfo.cpp" />
    <ClCompile Include="src\mindmap\mindnetworktype.cpp" />
    <ClCompile Include="src\mindmap\mindareanetinfo.cpp" />
    <ClCompile Include="src\mindspace\mindlocationinfo.cpp" />
    <ClCompile Include="src\mindmap\mindlinktype.cpp" />
    <ClCompile Include="src\mindarea\parietalarea.cpp" />
    <ClCompile Include="src\mindarea\somaticarea.cpp" />
  </ItemGroup>
</Project>